
Microsoft Visual Studio Solution File, Format Version 12.00
# Visual Studio Version 16
VisualStudioVersion = 16.0.35026.282
MinimumVisualStudioVersion = 10.0.40219.1
Project("{FAE04EC0-301F-11D3-BF4B-00C04F79EFBC}") = "ProjetoWFCrud", "ProjetoWFCrud\ProjetoWFCrud.csproj", "{F78823EB-56F1-4D5B-A52B-7153A8B20E85}"
EndProject
Global
	GlobalSection(SolutionConfigurationPlatforms) = preSolution
		Debug|Any CPU = Debug|Any CPU
		Release|Any CPU = Release|Any CPU
	EndGlobalSection
	GlobalSection(ProjectConfigurationPlatforms) = postSolution
		{F78823EB-56F1-4D5B-A52B-7153A8B20E85}.Debug|Any CPU.ActiveCfg = Debug|Any CPU
		{F78823EB-56F1-4D5B-A52B-7153A8B20E85}.Debug|Any CPU.Build.0 = Debug|Any CPU
		{F78823EB-56F1-4D5B-A52B-7153A8B20E85}.Release|Any CPU.ActiveCfg = Release|Any CPU
		{F78823EB-56F1-4D5B-A52B-7153A8B20E85}.Release|Any CPU.Build.0 = Release|Any CPU
	EndGlobalSection
	GlobalSection(SolutionProperties) = preSolution
		HideSolutionNode = FALSE
	EndGlobalSection
	GlobalSection(ExtensibilityGlobals) = postSolution
		SolutionGuid = {DA7119B0-A543-4F26-9062-132C4F5651C2}
	EndGlobalSection
EndGlobal
